
Microsoft Visual Studio Solution File, Format Version 12.00
# Visual Studio 15
VisualStudioVersion = 15.0.27703.2026
MinimumVisualStudioVersion = 10.0.40219.1
Project("{FAE04EC0-301F-11D3-BF4B-00C04F79EFBC}") = "image", "image\image.csproj", "{C5744227-17B9-4BF8-BAA9-C8D66A0D77EF}"
EndProject
Global
	GlobalSection(SolutionConfigurationPlatforms) = preSolution
		Debug|Any CPU = Debug|Any CPU
		Release|Any CPU = Release|Any CPU
	EndGlobalSection
	GlobalSection(ProjectConfigurationPlatforms) = postSolution
		{C5744227-17B9-4BF8-BAA9-C8D66A0D77EF}.Debug|Any CPU.ActiveCfg = Debug|Any CPU
		{C5744227-17B9-4BF8-BAA9-C8D66A0D77EF}.Debug|Any CPU.Build.0 = Debug|Any CPU
		{C5744227-17B9-4BF8-BAA9-C8D66A0D77EF}.Release|Any CPU.ActiveCfg = Release|Any CPU
		{C5744227-17B9-4BF8-BAA9-C8D66A0D77EF}.Release|Any CPU.Build.0 = Release|Any CPU
	EndGlobalSection
	GlobalSection(SolutionProperties) = preSolution
		HideSolutionNode = FALSE
	EndGlobalSection
	GlobalSection(ExtensibilityGlobals) = postSolution
		SolutionGuid = {BB957F71-C7BD-47A6-BCE2-A8FFA6A1F432}
	EndGlobalSection
EndGlobal
