
Microsoft Visual Studio Solution File, Format Version 12.00
# Visual Studio 15
VisualStudioVersion = 15.0.27703.2026
MinimumVisualStudioVersion = 10.0.40219.1
Project("{FAE04EC0-301F-11D3-BF4B-00C04F79EFBC}") = "wordpdf7-6", "wordpdf7-6\wordpdf7-6.csproj", "{57FAD6C5-19A1-4175-A43C-B11FE22C876E}"
EndProject
Global
	GlobalSection(SolutionConfigurationPlatforms) = preSolution
		Debug|Any CPU = Debug|Any CPU
		Release|Any CPU = Release|Any CPU
	EndGlobalSection
	GlobalSection(ProjectConfigurationPlatforms) = postSolution
		{57FAD6C5-19A1-4175-A43C-B11FE22C876E}.Debug|Any CPU.ActiveCfg = Debug|Any CPU
		{57FAD6C5-19A1-4175-A43C-B11FE22C876E}.Debug|Any CPU.Build.0 = Debug|Any CPU
		{57FAD6C5-19A1-4175-A43C-B11FE22C876E}.Release|Any CPU.ActiveCfg = Release|Any CPU
		{57FAD6C5-19A1-4175-A43C-B11FE22C876E}.Release|Any CPU.Build.0 = Release|Any CPU
	EndGlobalSection
	GlobalSection(SolutionProperties) = preSolution
		HideSolutionNode = FALSE
	EndGlobalSection
	GlobalSection(ExtensibilityGlobals) = postSolution
		SolutionGuid = {9B55AFD7-102C-4A78-88FF-52C7660F948D}
	EndGlobalSection
EndGlobal
